{
  "version": 4,
  "terraform_version": "1.3.7",
  "serial": 113,
  "lineage": "167264fb-3e2f-2565-76f8-9fc80ea7762b",
  "outputs": {},
  "resources": [
    {
      "mode": "managed",
      "type": "google_compute_network",
      "name": "vpc_network",
      "provider": "provider[\"registry.terraform.io/hashicorp/google\"]",
      "instances": [
        {
          "schema_version": 0,
          "attributes": {
            "auto_create_subnetworks": false,
            "delete_default_routes_on_create": false,
            "description": "",
            "enable_ula_internal_ipv6": false,
            "gateway_ipv4": "",
            "id": "projects/david-emad-project/global/networks/vpc-network",
            "internal_ipv6_range": "",
            "mtu": 1460,
            "name": "vpc-network",
            "project": "david-emad-project",
            "routing_mode": "REGIONAL",
            "self_link": "https://www.googleapis.com/compute/v1/projects/david-emad-project/global/networks/vpc-network",
            "timeouts": null
          },
          "sensitive_attributes": [],
          "private": "eyJlMmJmYjczMC1lY2FhLTExZTYtOGY4OC0zNDM2M2JjN2M0YzAiOnsiY3JlYXRlIjoxMjAwMDAwMDAwMDAwLCJkZWxldGUiOjEyMDAwMDAwMDAwMDAsInVwZGF0ZSI6MTIwMDAwMDAwMDAwMH19"
        }
      ]
    },
    {
      "mode": "managed",
      "type": "google_compute_subnetwork",
      "name": "restricted-subnet",
      "provider": "provider[\"registry.terraform.io/hashicorp/google\"]",
      "instances": [
        {
          "schema_version": 0,
          "attributes": {
            "creation_timestamp": "2023-01-25T17:43:07.385-08:00",
            "description": "",
            "external_ipv6_prefix": "",
            "fingerprint": null,
            "gateway_address": "10.0.2.1",
            "id": "projects/david-emad-project/regions/europe-west1/subnetworks/restricted-subnet",
            "ip_cidr_range": "10.0.2.0/24",
            "ipv6_access_type": "",
            "ipv6_cidr_range": "",
            "log_config": [],
            "name": "restricted-subnet",
            "network": "https://www.googleapis.com/compute/v1/projects/david-emad-project/global/networks/vpc-network",
            "private_ip_google_access": true,
            "private_ipv6_google_access": "DISABLE_GOOGLE_ACCESS",
            "project": "david-emad-project",
            "purpose": "PRIVATE",
            "region": "europe-west1",
            "role": "",
            "secondary_ip_range": [
              {
                "ip_cidr_range": "10.1.0.0/16",
                "range_name": "gke-private-cluster-pods-f030e45f"
              },
              {
                "ip_cidr_range": "10.2.0.0/16",
                "range_name": "gke-private-cluster-services-f030e45f"
              }
            ],
            "self_link": "https://www.googleapis.com/compute/v1/projects/david-emad-project/regions/europe-west1/subnetworks/restricted-subnet",
            "stack_type": "IPV4_ONLY",
            "timeouts": null
          },
          "sensitive_attributes": [],
          "private": "eyJlMmJmYjczMC1lY2FhLTExZTYtOGY4OC0zNDM2M2JjN2M0YzAiOnsiY3JlYXRlIjoxMjAwMDAwMDAwMDAwLCJkZWxldGUiOjEyMDAwMDAwMDAwMDAsInVwZGF0ZSI6MTIwMDAwMDAwMDAwMH19",
          "dependencies": [
            "google_compute_network.vpc_network"
          ]
        }
      ]
    },
    {
      "mode": "managed",
      "type": "google_container_cluster",
      "name": "private-cluster",
      "provider": "provider[\"registry.terraform.io/hashicorp/google\"]",
      "instances": [
        {
          "schema_version": 1,
          "attributes": {
            "addons_config": [
              {
                "cloudrun_config": [],
                "dns_cache_config": [],
                "gce_persistent_disk_csi_driver_config": [
                  {
                    "enabled": true
                  }
                ],
                "gcp_filestore_csi_driver_config": [],
                "gke_backup_agent_config": [],
                "horizontal_pod_autoscaling": [],
                "http_load_balancing": [],
                "network_policy_config": [
                  {
                    "disabled": true
                  }
                ]
              }
            ],
            "authenticator_groups_config": [],
            "binary_authorization": [
              {
                "enabled": false,
                "evaluation_mode": ""
              }
            ],
            "cluster_autoscaling": [
              {
                "auto_provisioning_defaults": [],
                "enabled": false,
                "resource_limits": []
              }
            ],
            "cluster_ipv4_cidr": "10.1.0.0/16",
            "confidential_nodes": [],
            "cost_management_config": [],
            "database_encryption": [
              {
                "key_name": "",
                "state": "DECRYPTED"
              }
            ],
            "datapath_provider": "",
            "default_max_pods_per_node": 110,
            "default_snat_status": [
              {
                "disabled": false
              }
            ],
            "description": "",
            "dns_config": [],
            "enable_autopilot": false,
            "enable_binary_authorization": false,
            "enable_intranode_visibility": false,
            "enable_kubernetes_alpha": false,
            "enable_l4_ilb_subsetting": false,
            "enable_legacy_abac": false,
            "enable_shielded_nodes": true,
            "enable_tpu": false,
            "endpoint": "172.16.0.34",
            "gateway_api_config": [],
            "id": "projects/david-emad-project/locations/europe-west1/clusters/private-cluster",
            "initial_node_count": 2,
            "ip_allocation_policy": [
              {
                "cluster_ipv4_cidr_block": "10.1.0.0/16",
                "cluster_secondary_range_name": "gke-private-cluster-pods-f030e45f",
                "services_ipv4_cidr_block": "10.2.0.0/16",
                "services_secondary_range_name": "gke-private-cluster-services-f030e45f"
              }
            ],
            "label_fingerprint": "a9dc16a7",
            "location": "europe-west1",
            "logging_config": [
              {
                "enable_components": [
                  "SYSTEM_COMPONENTS",
                  "WORKLOADS"
                ]
              }
            ],
            "logging_service": "logging.googleapis.com/kubernetes",
            "maintenance_policy": [],
            "master_auth": [
              {
                "client_certificate": "",
                "client_certificate_config": [
                  {
                    "issue_client_certificate": false
                  }
                ],
                "client_key": "",
                "cluster_ca_certificate": "LS0tLS1CRUdJTiBDRVJUSUZJQ0FURS0tLS0tCk1JSUVMVENDQXBXZ0F3SUJBZ0lSQUxycW9jQXQ3S3RSYVoyNE9UTFpZeFV3RFFZSktvWklodmNOQVFFTEJRQXcKTHpFdE1Dc0dBMVVFQXhNa1lURXdPRFZqT0RBdE5UazJaQzAwWm1GbUxUazJPRE10WlRrMFlqTXlZakkwT1RjeApNQ0FYRFRJek1ERXlOakF3TkRNeE9Wb1lEekl3TlRNd01URTRNREUwTXpFNVdqQXZNUzB3S3dZRFZRUURFeVJoCk1UQTROV000TUMwMU9UWmtMVFJtWVdZdE9UWTRNeTFsT1RSaU16SmlNalE1TnpFd2dnR2lNQTBHQ1NxR1NJYjMKRFFFQkFRVUFBNElCandBd2dnR0tBb0lCZ1FERVVaZFAvYXZkZ1EzU3lxWGxtWlVUZUx0dks0S0NjUEQ4L29tUApjMjVjNnVYSHpQYWEwQTlwY3F2VjBDRVFRK0w2MXhzalpQR1dwSmRvRDdBQmZNS2haNFlQUmg5M2RlZ0dNYWJYCmgxR0hJUlFCMHhBSWMwbDEzeFU3ZGZaWDZqaEJrVWtSNlI3eUVxSmEvQ2xOdkN0Yno0ZTBZWjV3bUVTdnFjdXgKYm5WWlpybGtVVTVZMkdLbUFvVmFsTE1EV0pSYnZlNTkxa2tLOEVKOEZQZWFTNllxUDAvQ3ZWS21UQWZBdC8vagp4ZHZZc2ZvTXZKNkJWMWpNOUFQMVh4ZU1PTC9pSERhaGxtdGFpejlDSXlsZHdaOHRBd21ZRk5SMktXZ1VsUGJoClRQZzk3QlJOUnlUeVMzQWVwZ3NyN3UxOXBuZXdaTW5BMXJ4aVVJUGErcGRuZXJuMTN6NmRPcnlFQmQ4MGF1U3UKK2podkJMRSt6YTNQMHF5ODJzZGNLMXdKREFOZTlEUFdUOXhqeFdXN1dSYjg0VUhFWVpaRzBiV2dEQitlMERXZgp3R2R2Z2hmMHZVZ1p0MDQ3aktLNkQwNGh0WnpPQ0hEQ1NGUWxSaStvZkhhaHJTcUhWeW50WGdPcVluZ2hGeGM3CnBYRzF5dld4d3AwUFlkSUk2MEFEaWd3aEdoRUNBd0VBQWFOQ01FQXdEZ1lEVlIwUEFRSC9CQVFEQWdJRU1BOEcKQTFVZEV3RUIvd1FGTUFNQkFmOHdIUVlEVlIwT0JCWUVGQ045YS9Scm5lMzJRTXBHRUI0aUFtMFhQYjRQTUEwRwpDU3FHU0liM0RRRUJDd1VBQTRJQmdRQmxNVEZiajQ0NDdPYzhnUmVZdFA0dzJnTUFORFoyRHhHNVZ1Qmp1ai85Cno5Ulh4TVZEY0JLZ1R3dUxKcFJXcjBOUFJFYjFFRkJ5aGF2RXZMeFltYXZWaUVxU0pqaDhxREMwL21Eb05hQ2oKWjZzWUFTYzAvbTRaRmZaNDRHRWUydGlORWRoR0xjZmFMd01vckZibUM0UGVacy9sOC9nNjZlb1gyelFsMFMyNgpld0FYVjJxOEVLb3JuUlB2Tjh6djF0aFEyczl3VGpMVFJUSkxBby8yZStyQXliR0k4V2FNWnBJTXZoVWV1ZTIyClYzTkRWT2xkYXU2K0hsbzhqaHpZK2F1VFlBaDdpRUU1ejBGUTlSUzZCTGw3YlozUjdncm1kSWFKU0J6MWgxNFgKSTZ0WUFNWXdOVk0vd1VhQWIyeXh0Y0hKd0NxOUxZUzNBWk5TQUh3TVRiU3ZFY3RtbVB6YlFNV3ZyQldYVlp4dApQdi9vMmsxbEVlMHVKR1lnTHI4WGczR0Jpbmp6Ync5Y2VYWkxzWFF1dkNIZDdIRVdjSVZ4elRLQ2d5Rll6SC9CCjBpb2FSSW1XcENJZ215R0VMOWtFZ29ocVptc2ZrQlNWY2FSOUt1ZTVqQU5Ib1J2elozZEpjWjNvdXZHanI0SzkKYWZGVXR6T2pjSjh5SUoxREhiWXpqdmc9Ci0tLS0tRU5EIENFUlRJRklDQVRFLS0tLS0K"
              }
            ],
            "master_authorized_networks_config": [
              {
                "cidr_blocks": [
                  {
                    "cidr_block": "10.0.1.0/24",
                    "display_name": "trusted-networks-from-private-vm"
                  }
                ],
                "gcp_public_cidrs_access_enabled": false
              }
            ],
            "master_version": "1.23.14-gke.1800",
            "mesh_certificates": [],
            "min_master_version": null,
            "monitoring_config": [
              {
                "enable_components": [
                  "SYSTEM_COMPONENTS"
                ],
                "managed_prometheus": []
              }
            ],
            "monitoring_service": "monitoring.googleapis.com/kubernetes",
            "name": "private-cluster",
            "network": "projects/david-emad-project/global/networks/vpc-network",
            "network_policy": [
              {
                "enabled": false,
                "provider": "PROVIDER_UNSPECIFIED"
              }
            ],
            "networking_mode": "VPC_NATIVE",
            "node_config": [
              {
                "boot_disk_kms_key": "",
                "disk_size_gb": 100,
                "disk_type": "pd-standard",
                "gcfs_config": [],
                "guest_accelerator": [],
                "gvnic": [],
                "image_type": "COS_CONTAINERD",
                "kubelet_config": [],
                "labels": {},
                "linux_node_config": [],
                "local_ssd_count": 0,
                "logging_variant": "DEFAULT",
                "machine_type": "e2-medium",
                "metadata": {
                  "disable-legacy-endpoints": "true"
                },
                "min_cpu_platform": "",
                "node_group": "",
                "oauth_scopes": [
                  "https://www.googleapis.com/auth/devstorage.read_only",
                  "https://www.googleapis.com/auth/logging.write",
                  "https://www.googleapis.com/auth/monitoring",
                  "https://www.googleapis.com/auth/service.management.readonly",
                  "https://www.googleapis.com/auth/servicecontrol",
                  "https://www.googleapis.com/auth/trace.append"
                ],
                "preemptible": false,
                "reservation_affinity": [],
                "resource_labels": {},
                "service_account": "default",
                "shielded_instance_config": [
                  {
                    "enable_integrity_monitoring": true,
                    "enable_secure_boot": false
                  }
                ],
                "spot": false,
                "tags": [],
                "taint": [],
                "workload_metadata_config": []
              }
            ],
            "node_locations": [
              "europe-west1-b",
              "europe-west1-c",
              "europe-west1-d"
            ],
            "node_pool": [
              {
                "autoscaling": [],
                "initial_node_count": 2,
                "instance_group_urls": [
                  "https://www.googleapis.com/compute/v1/projects/david-emad-project/zones/europe-west1-b/instanceGroupManagers/gke-private-cluster-default-pool-2abc2eea-grp",
                  "https://www.googleapis.com/compute/v1/projects/david-emad-project/zones/europe-west1-d/instanceGroupManagers/gke-private-cluster-default-pool-7bd04ca8-grp",
                  "https://www.googleapis.com/compute/v1/projects/david-emad-project/zones/europe-west1-c/instanceGroupManagers/gke-private-cluster-default-pool-a3d721f9-grp"
                ],
                "managed_instance_group_urls": [
                  "https://www.googleapis.com/compute/v1/projects/david-emad-project/zones/europe-west1-b/instanceGroups/gke-private-cluster-default-pool-2abc2eea-grp",
                  "https://www.googleapis.com/compute/v1/projects/david-emad-project/zones/europe-west1-d/instanceGroups/gke-private-cluster-default-pool-7bd04ca8-grp",
                  "https://www.googleapis.com/compute/v1/projects/david-emad-project/zones/europe-west1-c/instanceGroups/gke-private-cluster-default-pool-a3d721f9-grp"
                ],
                "management": [
                  {
                    "auto_repair": true,
                    "auto_upgrade": true
                  }
                ],
                "max_pods_per_node": 110,
                "name": "default-pool",
                "name_prefix": "",
                "network_config": [
                  {
                    "create_pod_range": false,
                    "enable_private_nodes": false,
                    "pod_ipv4_cidr_block": "10.1.0.0/16",
                    "pod_range": "gke-private-cluster-pods-f030e45f"
                  }
                ],
                "node_config": [
                  {
                    "boot_disk_kms_key": "",
                    "disk_size_gb": 100,
                    "disk_type": "pd-standard",
                    "gcfs_config": [],
                    "guest_accelerator": [],
                    "gvnic": [],
                    "image_type": "COS_CONTAINERD",
                    "kubelet_config": [],
                    "labels": {},
                    "linux_node_config": [],
                    "local_ssd_count": 0,
                    "logging_variant": "DEFAULT",
                    "machine_type": "e2-medium",
                    "metadata": {
                      "disable-legacy-endpoints": "true"
                    },
                    "min_cpu_platform": "",
                    "node_group": "",
                    "oauth_scopes": [
                      "https://www.googleapis.com/auth/devstorage.read_only",
                      "https://www.googleapis.com/auth/logging.write",
                      "https://www.googleapis.com/auth/monitoring",
                      "https://www.googleapis.com/auth/service.management.readonly",
                      "https://www.googleapis.com/auth/servicecontrol",
                      "https://www.googleapis.com/auth/trace.append"
                    ],
                    "preemptible": false,
                    "reservation_affinity": [],
                    "resource_labels": {},
                    "service_account": "default",
                    "shielded_instance_config": [
                      {
                        "enable_integrity_monitoring": true,
                        "enable_secure_boot": false
                      }
                    ],
                    "spot": false,
                    "tags": [],
                    "taint": [],
                    "workload_metadata_config": []
                  }
                ],
                "node_count": 2,
                "node_locations": [
                  "europe-west1-b",
                  "europe-west1-c",
                  "europe-west1-d"
                ],
                "placement_policy": [],
                "upgrade_settings": [
                  {
                    "blue_green_settings": [],
                    "max_surge": 1,
                    "max_unavailable": 0,
                    "strategy": "SURGE"
                  }
                ],
                "version": "1.23.14-gke.1800"
              }
            ],
            "node_pool_defaults": [
              {
                "node_config_defaults": [
                  {
                    "logging_variant": "DEFAULT"
                  }
                ]
              }
            ],
            "node_version": "1.23.14-gke.1800",
            "notification_config": [
              {
                "pubsub": [
                  {
                    "enabled": false,
                    "filter": [],
                    "topic": ""
                  }
                ]
              }
            ],
            "operation": null,
            "private_cluster_config": [
              {
                "enable_private_endpoint": true,
                "enable_private_nodes": true,
                "master_global_access_config": [
                  {
                    "enabled": false
                  }
                ],
                "master_ipv4_cidr_block": "172.16.0.32/28",
                "peering_name": "gke-neaa2a963f557a9e74c1-8c8a-9e84-peer",
                "private_endpoint": "172.16.0.34",
                "private_endpoint_subnetwork": "",
                "public_endpoint": "34.79.222.216"
              }
            ],
            "private_ipv6_google_access": "",
            "project": "david-emad-project",
            "release_channel": [
              {
                "channel": "STABLE"
              }
            ],
            "remove_default_node_pool": null,
            "resource_labels": {},
            "resource_usage_export_config": [],
            "self_link": "https://container.googleapis.com/v1/projects/david-emad-project/locations/europe-west1/clusters/private-cluster",
            "service_external_ips_config": [
              {
                "enabled": false
              }
            ],
            "services_ipv4_cidr": "10.2.0.0/16",
            "subnetwork": "projects/david-emad-project/regions/europe-west1/subnetworks/restricted-subnet",
            "timeouts": null,
            "tpu_ipv4_cidr_block": "",
            "vertical_pod_autoscaling": [],
            "workload_identity_config": []
          },
          "sensitive_attributes": [],
          "private": "eyJlMmJmYjczMC1lY2FhLTExZTYtOGY4OC0zNDM2M2JjN2M0YzAiOnsiY3JlYXRlIjoyNDAwMDAwMDAwMDAwLCJkZWxldGUiOjI0MDAwMDAwMDAwMDAsInJlYWQiOjI0MDAwMDAwMDAwMDAsInVwZGF0ZSI6MzYwMDAwMDAwMDAwMH0sInNjaGVtYV92ZXJzaW9uIjoiMSJ9",
          "dependencies": [
            "google_compute_network.vpc_network",
            "google_compute_subnetwork.restricted-subnet"
          ]
        }
      ]
    }
  ],
  "check_results": null
}
